
Microsoft Visual Studio Solution File, Format Version 12.00
# Visual Studio 15
VisualStudioVersion = 15.0.28307.1000
MinimumVisualStudioVersion = 10.0.40219.1
Project("{8BC9CEB8-8B4A-11D0-8D11-00A0C91BC942}") = "SW_Expert_Academy_간단한 N의 약수", "SW_Expert_Academy_간단한 N의 약수\SW_Expert_Academy_간단한 N의 약수.vcxproj", "{2E682A21-AFB1-416C-AC8E-8F9373C19A3C}"
EndProject
Global
	GlobalSection(SolutionConfigurationPlatforms) = preSolution
		Debug|x64 = Debug|x64
		Debug|x86 = Debug|x86
		Release|x64 = Release|x64
		Release|x86 = Release|x86
	EndGlobalSection
	GlobalSection(ProjectConfigurationPlatforms) = postSolution
		{2E682A21-AFB1-416C-AC8E-8F9373C19A3C}.Debug|x64.ActiveCfg = Debug|x64
		{2E682A21-AFB1-416C-AC8E-8F9373C19A3C}.Debug|x64.Build.0 = Debug|x64
		{2E682A21-AFB1-416C-AC8E-8F9373C19A3C}.Debug|x86.ActiveCfg = Debug|Win32
		{2E682A21-AFB1-416C-AC8E-8F9373C19A3C}.Debug|x86.Build.0 = Debug|Win32
		{2E682A21-AFB1-416C-AC8E-8F9373C19A3C}.Release|x64.ActiveCfg = Release|x64
		{2E682A21-AFB1-416C-AC8E-8F9373C19A3C}.Release|x64.Build.0 = Release|x64
		{2E682A21-AFB1-416C-AC8E-8F9373C19A3C}.Release|x86.ActiveCfg = Release|Win32
		{2E682A21-AFB1-416C-AC8E-8F9373C19A3C}.Release|x86.Build.0 = Release|Win32
	EndGlobalSection
	GlobalSection(SolutionProperties) = preSolution
		HideSolutionNode = FALSE
	EndGlobalSection
	GlobalSection(ExtensibilityGlobals) = postSolution
		SolutionGuid = {0B7FA5E9-3674-45F5-9BC6-8D176E7A1E19}
	EndGlobalSection
EndGlobal
