
Microsoft Visual Studio Solution File, Format Version 12.00
# Visual Studio 15
VisualStudioVersion = 15.0.28307.1000
MinimumVisualStudioVersion = 10.0.40219.1
Project("{8BC9CEB8-8B4A-11D0-8D11-00A0C91BC942}") = "SW_Expert_Academy_쇠막대기자르기", "SW_Expert_Academy_쇠막대기자르기\SW_Expert_Academy_쇠막대기자르기.vcxproj", "{CB08E4E3-4A11-40A8-A056-C0F5286CD841}"
EndProject
Global
	GlobalSection(SolutionConfigurationPlatforms) = preSolution
		Debug|x64 = Debug|x64
		Debug|x86 = Debug|x86
		Release|x64 = Release|x64
		Release|x86 = Release|x86
	EndGlobalSection
	GlobalSection(ProjectConfigurationPlatforms) = postSolution
		{CB08E4E3-4A11-40A8-A056-C0F5286CD841}.Debug|x64.ActiveCfg = Debug|x64
		{CB08E4E3-4A11-40A8-A056-C0F5286CD841}.Debug|x64.Build.0 = Debug|x64
		{CB08E4E3-4A11-40A8-A056-C0F5286CD841}.Debug|x86.ActiveCfg = Debug|Win32
		{CB08E4E3-4A11-40A8-A056-C0F5286CD841}.Debug|x86.Build.0 = Debug|Win32
		{CB08E4E3-4A11-40A8-A056-C0F5286CD841}.Release|x64.ActiveCfg = Release|x64
		{CB08E4E3-4A11-40A8-A056-C0F5286CD841}.Release|x64.Build.0 = Release|x64
		{CB08E4E3-4A11-40A8-A056-C0F5286CD841}.Release|x86.ActiveCfg = Release|Win32
		{CB08E4E3-4A11-40A8-A056-C0F5286CD841}.Release|x86.Build.0 = Release|Win32
	EndGlobalSection
	GlobalSection(SolutionProperties) = preSolution
		HideSolutionNode = FALSE
	EndGlobalSection
	GlobalSection(ExtensibilityGlobals) = postSolution
		SolutionGuid = {60EDA630-F6B0-4228-8303-F6D52728E187}
	EndGlobalSection
EndGlobal
