
Microsoft Visual Studio Solution File, Format Version 12.00
# Visual Studio 15
VisualStudioVersion = 15.0.28307.1000
MinimumVisualStudioVersion = 10.0.40219.1
Project("{8BC9CEB8-8B4A-11D0-8D11-00A0C91BC942}") = "원재의 메모리 복구하기", "원재의 메모리 복구하기\원재의 메모리 복구하기.vcxproj", "{107BA76D-C34A-4B94-AB33-014A98251AA1}"
EndProject
Global
	GlobalSection(SolutionConfigurationPlatforms) = preSolution
		Debug|x64 = Debug|x64
		Debug|x86 = Debug|x86
		Release|x64 = Release|x64
		Release|x86 = Release|x86
	EndGlobalSection
	GlobalSection(ProjectConfigurationPlatforms) = postSolution
		{107BA76D-C34A-4B94-AB33-014A98251AA1}.Debug|x64.ActiveCfg = Debug|x64
		{107BA76D-C34A-4B94-AB33-014A98251AA1}.Debug|x64.Build.0 = Debug|x64
		{107BA76D-C34A-4B94-AB33-014A98251AA1}.Debug|x86.ActiveCfg = Debug|Win32
		{107BA76D-C34A-4B94-AB33-014A98251AA1}.Debug|x86.Build.0 = Debug|Win32
		{107BA76D-C34A-4B94-AB33-014A98251AA1}.Release|x64.ActiveCfg = Release|x64
		{107BA76D-C34A-4B94-AB33-014A98251AA1}.Release|x64.Build.0 = Release|x64
		{107BA76D-C34A-4B94-AB33-014A98251AA1}.Release|x86.ActiveCfg = Release|Win32
		{107BA76D-C34A-4B94-AB33-014A98251AA1}.Release|x86.Build.0 = Release|Win32
	EndGlobalSection
	GlobalSection(SolutionProperties) = preSolution
		HideSolutionNode = FALSE
	EndGlobalSection
	GlobalSection(ExtensibilityGlobals) = postSolution
		SolutionGuid = {EDCD50A6-B6B7-45FC-9B94-4B6F47B7F1CE}
	EndGlobalSection
EndGlobal
