
Microsoft Visual Studio Solution File, Format Version 12.00
# Visual Studio 15
VisualStudioVersion = 15.0.28307.1000
MinimumVisualStudioVersion = 10.0.40219.1
Project("{8BC9CEB8-8B4A-11D0-8D11-00A0C91BC942}") = "SW_Expert_Academy_쇠막대기자르기2", "SW_Expert_Academy_쇠막대기자르기2\SW_Expert_Academy_쇠막대기자르기2.vcxproj", "{21B1996B-CF74-4BEA-8292-FB3773623A93}"
EndProject
Global
	GlobalSection(SolutionConfigurationPlatforms) = preSolution
		Debug|x64 = Debug|x64
		Debug|x86 = Debug|x86
		Release|x64 = Release|x64
		Release|x86 = Release|x86
	EndGlobalSection
	GlobalSection(ProjectConfigurationPlatforms) = postSolution
		{21B1996B-CF74-4BEA-8292-FB3773623A93}.Debug|x64.ActiveCfg = Debug|x64
		{21B1996B-CF74-4BEA-8292-FB3773623A93}.Debug|x64.Build.0 = Debug|x64
		{21B1996B-CF74-4BEA-8292-FB3773623A93}.Debug|x86.ActiveCfg = Debug|Win32
		{21B1996B-CF74-4BEA-8292-FB3773623A93}.Debug|x86.Build.0 = Debug|Win32
		{21B1996B-CF74-4BEA-8292-FB3773623A93}.Release|x64.ActiveCfg = Release|x64
		{21B1996B-CF74-4BEA-8292-FB3773623A93}.Release|x64.Build.0 = Release|x64
		{21B1996B-CF74-4BEA-8292-FB3773623A93}.Release|x86.ActiveCfg = Release|Win32
		{21B1996B-CF74-4BEA-8292-FB3773623A93}.Release|x86.Build.0 = Release|Win32
	EndGlobalSection
	GlobalSection(SolutionProperties) = preSolution
		HideSolutionNode = FALSE
	EndGlobalSection
	GlobalSection(ExtensibilityGlobals) = postSolution
		SolutionGuid = {2D400761-158C-4220-82B5-A8F489FB3E62}
	EndGlobalSection
EndGlobal
